
Microsoft Visual Studio Solution File, Format Version 12.00
# Visual Studio Version 17
VisualStudioVersion = 17.0.31903.59
MinimumVisualStudioVersion = 10.0.40219.1
Project("{2150E333-8FDC-42A3-9474-1A3956D46DE8}") = "Plugins", "Plugins", "{74F3E9E5-ED31-4859-875E-0F814238A90A}"
EndProject
Project("{FAE04EC0-301F-11D3-BF4B-00C04F79EFBC}") = "KanaChat", "Plugins\KanaChat\KanaChat.csproj", "{AFB8C698-A286-4CE8-84F2-46D829B4145B}"
EndProject
Project("{FAE04EC0-301F-11D3-BF4B-00C04F79EFBC}") = "KanaChatUnitTest", "Plugins\KanaChatUnitTest\KanaChatUnitTest.csproj", "{408AECA2-51DD-493A-8BB4-16D82DD1BC7E}"
EndProject
Project("{FAE04EC0-301F-11D3-BF4B-00C04F79EFBC}") = "HelicopterLicensePlate", "Plugins\HelicopterLicensePlate\HelicopterLicensePlate.csproj", "{A51149FA-A6D9-4E42-932A-671816BDF67F}"
EndProject
Project("{FAE04EC0-301F-11D3-BF4B-00C04F79EFBC}") = "ModuleCarLicensePlate", "Plugins\ModuleCarLicensePlate\ModuleCarLicensePlate.csproj", "{F37E37E9-D55D-4B3F-A405-1EFA299FFB73}"
EndProject
Project("{FAE04EC0-301F-11D3-BF4B-00C04F79EFBC}") = "NeoRHIB", "Plugins\NeoRHIB\NeoRHIB.csproj", "{CDFB8B67-7AFD-431E-B18B-2271B15FB985}"
EndProject
Project("{FAE04EC0-301F-11D3-BF4B-00C04F79EFBC}") = "WhereIsMyRide", "Plugins\WhereIsMyRide\WhereIsMyRide.csproj", "{A92C14A6-AD1D-4A7F-85ED-B668E56D9927}"
EndProject
Global
	GlobalSection(SolutionConfigurationPlatforms) = preSolution
		Debug|Any CPU = Debug|Any CPU
		Release|Any CPU = Release|Any CPU
	EndGlobalSection
	GlobalSection(SolutionProperties) = preSolution
		HideSolutionNode = FALSE
	EndGlobalSection
	GlobalSection(ProjectConfigurationPlatforms) = postSolution
		{AFB8C698-A286-4CE8-84F2-46D829B4145B}.Debug|Any CPU.ActiveCfg = Debug|Any CPU
		{AFB8C698-A286-4CE8-84F2-46D829B4145B}.Debug|Any CPU.Build.0 = Debug|Any CPU
		{AFB8C698-A286-4CE8-84F2-46D829B4145B}.Release|Any CPU.ActiveCfg = Release|Any CPU
		{AFB8C698-A286-4CE8-84F2-46D829B4145B}.Release|Any CPU.Build.0 = Release|Any CPU
		{408AECA2-51DD-493A-8BB4-16D82DD1BC7E}.Debug|Any CPU.ActiveCfg = Debug|Any CPU
		{408AECA2-51DD-493A-8BB4-16D82DD1BC7E}.Debug|Any CPU.Build.0 = Debug|Any CPU
		{408AECA2-51DD-493A-8BB4-16D82DD1BC7E}.Release|Any CPU.ActiveCfg = Release|Any CPU
		{408AECA2-51DD-493A-8BB4-16D82DD1BC7E}.Release|Any CPU.Build.0 = Release|Any CPU
		{A51149FA-A6D9-4E42-932A-671816BDF67F}.Debug|Any CPU.ActiveCfg = Debug|Any CPU
		{A51149FA-A6D9-4E42-932A-671816BDF67F}.Debug|Any CPU.Build.0 = Debug|Any CPU
		{A51149FA-A6D9-4E42-932A-671816BDF67F}.Release|Any CPU.ActiveCfg = Release|Any CPU
		{A51149FA-A6D9-4E42-932A-671816BDF67F}.Release|Any CPU.Build.0 = Release|Any CPU
		{F37E37E9-D55D-4B3F-A405-1EFA299FFB73}.Debug|Any CPU.ActiveCfg = Debug|Any CPU
		{F37E37E9-D55D-4B3F-A405-1EFA299FFB73}.Debug|Any CPU.Build.0 = Debug|Any CPU
		{F37E37E9-D55D-4B3F-A405-1EFA299FFB73}.Release|Any CPU.ActiveCfg = Release|Any CPU
		{F37E37E9-D55D-4B3F-A405-1EFA299FFB73}.Release|Any CPU.Build.0 = Release|Any CPU
		{CDFB8B67-7AFD-431E-B18B-2271B15FB985}.Debug|Any CPU.ActiveCfg = Debug|Any CPU
		{CDFB8B67-7AFD-431E-B18B-2271B15FB985}.Debug|Any CPU.Build.0 = Debug|Any CPU
		{CDFB8B67-7AFD-431E-B18B-2271B15FB985}.Release|Any CPU.ActiveCfg = Release|Any CPU
		{CDFB8B67-7AFD-431E-B18B-2271B15FB985}.Release|Any CPU.Build.0 = Release|Any CPU
		{A92C14A6-AD1D-4A7F-85ED-B668E56D9927}.Debug|Any CPU.ActiveCfg = Debug|Any CPU
		{A92C14A6-AD1D-4A7F-85ED-B668E56D9927}.Debug|Any CPU.Build.0 = Debug|Any CPU
		{A92C14A6-AD1D-4A7F-85ED-B668E56D9927}.Release|Any CPU.ActiveCfg = Release|Any CPU
		{A92C14A6-AD1D-4A7F-85ED-B668E56D9927}.Release|Any CPU.Build.0 = Release|Any CPU
	EndGlobalSection
	GlobalSection(NestedProjects) = preSolution
		{AFB8C698-A286-4CE8-84F2-46D829B4145B} = {74F3E9E5-ED31-4859-875E-0F814238A90A}
		{408AECA2-51DD-493A-8BB4-16D82DD1BC7E} = {74F3E9E5-ED31-4859-875E-0F814238A90A}
		{A51149FA-A6D9-4E42-932A-671816BDF67F} = {74F3E9E5-ED31-4859-875E-0F814238A90A}
		{F37E37E9-D55D-4B3F-A405-1EFA299FFB73} = {74F3E9E5-ED31-4859-875E-0F814238A90A}
		{CDFB8B67-7AFD-431E-B18B-2271B15FB985} = {74F3E9E5-ED31-4859-875E-0F814238A90A}
		{A92C14A6-AD1D-4A7F-85ED-B668E56D9927} = {74F3E9E5-ED31-4859-875E-0F814238A90A}
	EndGlobalSection
EndGlobal
